
Microsoft Visual Studio Solution File, Format Version 12.00
# Visual Studio 15
VisualStudioVersion = 15.0.27428.2015
MinimumVisualStudioVersion = 10.0.40219.1
Project("{FAE04EC0-301F-11D3-BF4B-00C04F79EFBC}") = "SiMarket", "ConsoleApplication6\SiMarket.csproj", "{67D87702-CB9B-468B-ABA0-2DBAC0ADDCC7}"
EndProject
Global
	GlobalSection(SolutionConfigurationPlatforms) = preSolution
		Debug|Any CPU = Debug|Any CPU
		Release|Any CPU = Release|Any CPU
	EndGlobalSection
	GlobalSection(ProjectConfigurationPlatforms) = postSolution
		{67D87702-CB9B-468B-ABA0-2DBAC0ADDCC7}.Debug|Any CPU.ActiveCfg = Debug|Any CPU
		{67D87702-CB9B-468B-ABA0-2DBAC0ADDCC7}.Debug|Any CPU.Build.0 = Debug|Any CPU
		{67D87702-CB9B-468B-ABA0-2DBAC0ADDCC7}.Release|Any CPU.ActiveCfg = Release|Any CPU
		{67D87702-CB9B-468B-ABA0-2DBAC0ADDCC7}.Release|Any CPU.Build.0 = Release|Any CPU
	EndGlobalSection
	GlobalSection(SolutionProperties) = preSolution
		HideSolutionNode = FALSE
	EndGlobalSection
	GlobalSection(ExtensibilityGlobals) = postSolution
		SolutionGuid = {19C1DEBA-BEDD-451F-A50E-0ECB0A7534D9}
	EndGlobalSection
EndGlobal
